// !$*UTF8*$!
{
	archiveVersion = 1;
	classes = {
	};
	objectVersion = 56;
	objects = {

/* Begin PBXBuildFile section */
		100000000000000000000001 /* main.swift in Sources */ = {isa = PBXBuildFile; fileRef = 100000000000000000000002 /* main.swift */; };
/* End PBXBuildFile section */

/* Begin PBXFileReference section */
		100000000000000000000002 /* main.swift */ = {isa = PBXFileReference; lastKnownFileType = sourcecode.swift; path = main.swift; sourceTree = "<group>"; };
		100000000000000000000003 /* ProvisioningBootstrap.app */ = {isa = PBXFileReference; explicitFileType = wrapper.application; includeInIndex = 0; path = ProvisioningBootstrap.app; sourceTree = BUILT_PRODUCTS_DIR; };
		10000000000000000000000F /* ProvisioningBootstrap.entitlements */ = {isa = PBXFileReference; lastKnownFileType = text.plist.entitlements; path = ProvisioningBootstrap.entitlements; sourceTree = "<group>"; };
/* End PBXFileReference section */

/* Begin PBXGroup section */
		100000000000000000000004 = {
			isa = PBXGroup;
			children = (
				100000000000000000000002 /* main.swift */,
				10000000000000000000000F /* ProvisioningBootstrap.entitlements */,
				100000000000000000000005 /* Products */,
			);
			sourceTree = "<group>";
		};
		100000000000000000000005 /* Products */ = {
			isa = PBXGroup;
			children = (
				100000000000000000000003 /* ProvisioningBootstrap.app */,
			);
			name = Products;
			sourceTree = "<group>";
		};
/* End PBXGroup section */

/* Begin PBXNativeTarget section */
		100000000000000000000006 /* ProvisioningBootstrap */ = {
			isa = PBXNativeTarget;
			buildConfigurationList = 100000000000000000000007 /* Build configuration list for PBXNativeTarget "ProvisioningBootstrap" */;
			buildPhases = (
				100000000000000000000008 /* Sources */,
			);
			buildRules = (
			);
			dependencies = (
			);
			name = ProvisioningBootstrap;
			productName = ProvisioningBootstrap;
			productReference = 100000000000000000000003 /* ProvisioningBootstrap.app */;
			productType = "com.apple.product-type.application";
		};
/* End PBXNativeTarget section */

/* Begin PBXProject section */
		100000000000000000000009 /* Project object */ = {
			isa = PBXProject;
			attributes = {
				BuildIndependentTargetsInParallel = 1;
				LastSwiftUpdateCheck = 1600;
				LastUpgradeCheck = 1600;
				TargetAttributes = {
					100000000000000000000006 = {
						CreatedOnToolsVersion = 16.0;
						ProvisioningStyle = Automatic;
					};
				};
			};
			buildConfigurationList = 10000000000000000000000A /* Build configuration list for PBXProject "ProvisioningBootstrap" */;
			compatibilityVersion = "Xcode 14.0";
			developmentRegion = en;
			hasScannedForEncodings = 0;
			knownRegions = (
				en,
				Base,
			);
			mainGroup = 100000000000000000000004;
			productRefGroup = 100000000000000000000005 /* Products */;
			projectDirPath = "";
			projectRoot = "";
			targets = (
				100000000000000000000006 /* ProvisioningBootstrap */,
			);
		};
/* End PBXProject section */

/* Begin PBXSourcesBuildPhase section */
		100000000000000000000008 /* Sources */ = {
			isa = PBXSourcesBuildPhase;
			buildActionMask = 2147483647;
			files = (
				100000000000000000000001 /* main.swift in Sources */,
			);
			runOnlyForDeploymentPostprocessing = 0;
		};
/* End PBXSourcesBuildPhase section */

/* Begin XCBuildConfiguration section */
		10000000000000000000000B /* Debug */ = {
			isa = XCBuildConfiguration;
			buildSettings = {
				CLANG_ENABLE_MODULES = YES;
				MACOSX_DEPLOYMENT_TARGET = 13.0;
				SDKROOT = macosx;
			};
			name = Debug;
		};
		10000000000000000000000C /* Release */ = {
			isa = XCBuildConfiguration;
			buildSettings = {
				CLANG_ENABLE_MODULES = YES;
				MACOSX_DEPLOYMENT_TARGET = 13.0;
				SDKROOT = macosx;
			};
			name = Release;
		};
		10000000000000000000000D /* Debug */ = {
			isa = XCBuildConfiguration;
			buildSettings = {
				CODE_SIGN_ENTITLEMENTS = ProvisioningBootstrap.entitlements;
				CODE_SIGN_IDENTITY = "Apple Development";
				CODE_SIGN_STYLE = Automatic;
				DEVELOPMENT_TEAM = AZ4AX7J833;
				GENERATE_INFOPLIST_FILE = YES;
				INFOPLIST_KEY_LSBackgroundOnly = YES;
				MACOSX_DEPLOYMENT_TARGET = 13.0;
				PRODUCT_BUNDLE_IDENTIFIER = com.lingxi.code.development;
				PRODUCT_NAME = "$(TARGET_NAME)";
				SDKROOT = macosx;
				SWIFT_VERSION = 5.0;
			};
			name = Debug;
		};
		10000000000000000000000E /* Release */ = {
			isa = XCBuildConfiguration;
			buildSettings = {
				CODE_SIGN_ENTITLEMENTS = ProvisioningBootstrap.entitlements;
				CODE_SIGN_IDENTITY = "Apple Development";
				CODE_SIGN_STYLE = Automatic;
				DEVELOPMENT_TEAM = AZ4AX7J833;
				GENERATE_INFOPLIST_FILE = YES;
				INFOPLIST_KEY_LSBackgroundOnly = YES;
				MACOSX_DEPLOYMENT_TARGET = 13.0;
				PRODUCT_BUNDLE_IDENTIFIER = com.lingxi.code.development;
				PRODUCT_NAME = "$(TARGET_NAME)";
				SDKROOT = macosx;
				SWIFT_VERSION = 5.0;
			};
			name = Release;
		};
/* End XCBuildConfiguration section */

/* Begin XCConfigurationList section */
		100000000000000000000007 /* Build configuration list for PBXNativeTarget "ProvisioningBootstrap" */ = {
			isa = XCConfigurationList;
			buildConfigurations = (
				10000000000000000000000D /* Debug */,
				10000000000000000000000E /* Release */,
			);
			defaultConfigurationIsVisible = 0;
			defaultConfigurationName = Release;
		};
		10000000000000000000000A /* Build configuration list for PBXProject "ProvisioningBootstrap" */ = {
			isa = XCConfigurationList;
			buildConfigurations = (
				10000000000000000000000B /* Debug */,
				10000000000000000000000C /* Release */,
			);
			defaultConfigurationIsVisible = 0;
			defaultConfigurationName = Release;
		};
/* End XCConfigurationList section */
	};
	rootObject = 100000000000000000000009 /* Project object */;
}
